<?xml version="1.0" encoding="UTF-8" standalone="yes" ?>
<CodeBlocks_project_file>
	<FileVersion major="1" minor="6" />
	<Project>
		<Option title="Keg_Flush" />
		<Option pch_mode="2" />
		<Option compiler="gcc" />
		<Build>
			<Target title="Debug">
				<Option output="bin/Debug/Keg_Flush" prefix_auto="1" extension_auto="1" />
				<Option object_output="obj/Debug/" />
				<Option type="1" />
				<Option compiler="gcc" />
				<Compiler>
					<Add option="-g" />
				</Compiler>
				<Linker>
					<Add library="/home/pi/Downloads/bcm2835-1.64/src/libbcm2835.a" />
				</Linker>
			</Target>
			<Target title="Release">
				<Option output="bin/Release/Keg_Flush" prefix_auto="1" extension_auto="1" />
				<Option object_output="obj/Release/" />
				<Option type="1" />
				<Option compiler="gcc" />
				<Compiler>
					<Add option="-O2" />
				</Compiler>
				<Linker>
					<Add option="-s" />
				</Linker>
			</Target>
		</Build>
		<Compiler>
			<Add option="-Wall" />
		</Compiler>
		<Unit filename="../../Keg_Washer-master/KegWasher/KegFlush.c">
			<Option compilerVar="CC" />
		</Unit>
		<Unit filename="../../Keg_Washer-master/KegWasher/KegFlush.o" />
		<Unit filename="../../Keg_Washer-master/KegWasher/KegFlush.temp" />
		<Extensions>
			<code_completion />
			<debugger />
		</Extensions>
	</Project>
</CodeBlocks_project_file>
